
Microsoft Visual Studio Solution File, Format Version 12.00
# Visual Studio Version 16
VisualStudioVersion = 16.0.30711.63
MinimumVisualStudioVersion = 10.0.40219.1
Project("{FAE04EC0-301F-11D3-BF4B-00C04F79EFBC}") = "COM3D2.MultipleMaids.Plugin", "COM3D2.MultipleMaids.Plugin.csproj", "{74643B7F-31D6-49CC-ACFE-5949AB5ABBE0}"
EndProject
Global
	GlobalSection(SolutionConfigurationPlatforms) = preSolution
		Debug|Any CPU = Debug|Any CPU
		Release|Any CPU = Release|Any CPU
	EndGlobalSection
	GlobalSection(ProjectConfigurationPlatforms) = postSolution
		{74643B7F-31D6-49CC-ACFE-5949AB5ABBE0}.Debug|Any CPU.ActiveCfg = Debug|Any CPU
		{74643B7F-31D6-49CC-ACFE-5949AB5ABBE0}.Debug|Any CPU.Build.0 = Debug|Any CPU
		{74643B7F-31D6-49CC-ACFE-5949AB5ABBE0}.Release|Any CPU.ActiveCfg = Release|Any CPU
		{74643B7F-31D6-49CC-ACFE-5949AB5ABBE0}.Release|Any CPU.Build.0 = Release|Any CPU
	EndGlobalSection
	GlobalSection(SolutionProperties) = preSolution
		HideSolutionNode = FALSE
	EndGlobalSection
	GlobalSection(ExtensibilityGlobals) = postSolution
		SolutionGuid = {C274C9CC-5669-4CF1-BBF4-CCF30395A7CA}
	EndGlobalSection
EndGlobal
